
Microsoft Visual Studio Solution File, Format Version 12.00
# Visual Studio Version 16
VisualStudioVersion = 16.0.29209.62
MinimumVisualStudioVersion = 10.0.40219.1
Project("{9092AA53-FB77-4645-B42D-1CCCA6BD08BD}") = "NWC", "NWC.njsproj", "{8FF3EFA8-240B-42BA-8DFF-22BB6258DFAC}"
EndProject
Global
	GlobalSection(SolutionConfigurationPlatforms) = preSolution
		Debug|Any CPU = Debug|Any CPU
		Release|Any CPU = Release|Any CPU
	EndGlobalSection
	GlobalSection(ProjectConfigurationPlatforms) = postSolution
		{8FF3EFA8-240B-42BA-8DFF-22BB6258DFAC}.Debug|Any CPU.ActiveCfg = Debug|Any CPU
		{8FF3EFA8-240B-42BA-8DFF-22BB6258DFAC}.Debug|Any CPU.Build.0 = Debug|Any CPU
		{8FF3EFA8-240B-42BA-8DFF-22BB6258DFAC}.Release|Any CPU.ActiveCfg = Release|Any CPU
		{8FF3EFA8-240B-42BA-8DFF-22BB6258DFAC}.Release|Any CPU.Build.0 = Release|Any CPU
	EndGlobalSection
	GlobalSection(SolutionProperties) = preSolution
		HideSolutionNode = FALSE
	EndGlobalSection
	GlobalSection(ExtensibilityGlobals) = postSolution
		SolutionGuid = {75FEDE4B-4E48-4087-A62E-61B284E2B510}
	EndGlobalSection
EndGlobal
